
Microsoft Visual Studio Solution File, Format Version 12.00
# Visual Studio 2013
VisualStudioVersion = 12.0.21005.1
MinimumVisualStudioVersion = 10.0.40219.1
Project("{FAE04EC0-301F-11D3-BF4B-00C04F79EFBC}") = "proba izpit 1 zadacha", "proba izpit 1 zadacha\proba izpit 1 zadacha.csproj", "{487FED94-4B93-40A5-A932-DB29CF5ED16E}"
EndProject
Global
	GlobalSection(SolutionConfigurationPlatforms) = preSolution
		Debug|Any CPU = Debug|Any CPU
		Release|Any CPU = Release|Any CPU
	EndGlobalSection
	GlobalSection(ProjectConfigurationPlatforms) = postSolution
		{487FED94-4B93-40A5-A932-DB29CF5ED16E}.Debug|Any CPU.ActiveCfg = Debug|Any CPU
		{487FED94-4B93-40A5-A932-DB29CF5ED16E}.Debug|Any CPU.Build.0 = Debug|Any CPU
		{487FED94-4B93-40A5-A932-DB29CF5ED16E}.Release|Any CPU.ActiveCfg = Release|Any CPU
		{487FED94-4B93-40A5-A932-DB29CF5ED16E}.Release|Any CPU.Build.0 = Release|Any CPU
	EndGlobalSection
	GlobalSection(SolutionProperties) = preSolution
		HideSolutionNode = FALSE
	EndGlobalSection
EndGlobal
