
Microsoft Visual Studio Solution File, Format Version 12.00
# Visual Studio 2013
VisualStudioVersion = 12.0.21005.1
MinimumVisualStudioVersion = 10.0.40219.1
Project("{FAE04EC0-301F-11D3-BF4B-00C04F79EFBC}") = "02. Practice Floating Points", "02. Practice Floating Points\02. Practice Floating Points.csproj", "{AA34A928-3D69-497B-B747-FE7729EA243D}"
EndProject
Global
	GlobalSection(SolutionConfigurationPlatforms) = preSolution
		Debug|Any CPU = Debug|Any CPU
		Release|Any CPU = Release|Any CPU
	EndGlobalSection
	GlobalSection(ProjectConfigurationPlatforms) = postSolution
		{AA34A928-3D69-497B-B747-FE7729EA243D}.Debug|Any CPU.ActiveCfg = Debug|Any CPU
		{AA34A928-3D69-497B-B747-FE7729EA243D}.Debug|Any CPU.Build.0 = Debug|Any CPU
		{AA34A928-3D69-497B-B747-FE7729EA243D}.Release|Any CPU.ActiveCfg = Release|Any CPU
		{AA34A928-3D69-497B-B747-FE7729EA243D}.Release|Any CPU.Build.0 = Release|Any CPU
	EndGlobalSection
	GlobalSection(SolutionProperties) = preSolution
		HideSolutionNode = FALSE
	EndGlobalSection
EndGlobal
